
Microsoft Visual Studio Solution File, Format Version 12.00
# Visual Studio Version 17
VisualStudioVersion = 17.14.36127.28 d17.14
MinimumVisualStudioVersion = 10.0.40219.1
Project("{FAE04EC0-301F-11D3-BF4B-00C04F79EFBC}") = "Web", "DevTest\Web.csproj", "{8580BF56-4B16-4E98-BD65-8459A29D102B}"
EndProject
Project("{FAE04EC0-301F-11D3-BF4B-00C04F79EFBC}") = "UAT", "UAT\UAT.csproj", "{A9E48FB1-59D9-4155-986D-69FA65416A90}"
EndProject
Global
	GlobalSection(SolutionConfigurationPlatforms) = preSolution
		Debug|Any CPU = Debug|Any CPU
		Release|Any CPU = Release|Any CPU
	EndGlobalSection
	GlobalSection(ProjectConfigurationPlatforms) = postSolution
		{8580BF56-4B16-4E98-BD65-8459A29D102B}.Debug|Any CPU.ActiveCfg = Debug|Any CPU
		{8580BF56-4B16-4E98-BD65-8459A29D102B}.Debug|Any CPU.Build.0 = Debug|Any CPU
		{8580BF56-4B16-4E98-BD65-8459A29D102B}.Release|Any CPU.ActiveCfg = Release|Any CPU
		{8580BF56-4B16-4E98-BD65-8459A29D102B}.Release|Any CPU.Build.0 = Release|Any CPU
		{A9E48FB1-59D9-4155-986D-69FA65416A90}.Debug|Any CPU.ActiveCfg = Debug|Any CPU
		{A9E48FB1-59D9-4155-986D-69FA65416A90}.Debug|Any CPU.Build.0 = Debug|Any CPU
		{A9E48FB1-59D9-4155-986D-69FA65416A90}.Release|Any CPU.ActiveCfg = Release|Any CPU
		{A9E48FB1-59D9-4155-986D-69FA65416A90}.Release|Any CPU.Build.0 = Release|Any CPU
	EndGlobalSection
	GlobalSection(SolutionProperties) = preSolution
		HideSolutionNode = FALSE
	EndGlobalSection
	GlobalSection(ExtensibilityGlobals) = postSolution
		SolutionGuid = {B418795B-4357-44A0-A1C8-505AFECFA5CB}
	EndGlobalSection
EndGlobal
